
Microsoft Visual Studio Solution File, Format Version 12.00
# Visual Studio 15
VisualStudioVersion = 15.0.28307.329
MinimumVisualStudioVersion = 10.0.40219.1
Project("{FAE04EC0-301F-11D3-BF4B-00C04F79EFBC}") = "MqttDemo.MetroClient", "MqttDemo.MetroClient\MqttDemo.MetroClient.csproj", "{0F56EDA9-CF7F-4C49-A67B-3FCD434D4902}"
EndProject
Project("{FAE04EC0-301F-11D3-BF4B-00C04F79EFBC}") = "MqttDemo.WebClient", "MqttDemo.WebClient\MqttDemo.WebClient.csproj", "{C134C495-6CF6-4543-8851-F3C304EA38C8}"
EndProject
Project("{FAE04EC0-301F-11D3-BF4B-00C04F79EFBC}") = "MqttDemo.WPFServer", "MqttDemo.WPFServer\MqttDemo.WPFServer.csproj", "{3B00D055-CFA9-4D12-8746-02477B65DA7D}"
EndProject
Project("{FAE04EC0-301F-11D3-BF4B-00C04F79EFBC}") = "MqttDemo.ApiServer", "MqttDemo.ApiServer\MqttDemo.ApiServer.csproj", "{A4762EB8-289F-4E53-918D-4217FAB2B462}"
EndProject
Global
	GlobalSection(SolutionConfigurationPlatforms) = preSolution
		Debug|Any CPU = Debug|Any CPU
		Release|Any CPU = Release|Any CPU
	EndGlobalSection
	GlobalSection(ProjectConfigurationPlatforms) = postSolution
		{0F56EDA9-CF7F-4C49-A67B-3FCD434D4902}.Debug|Any CPU.ActiveCfg = Debug|Any CPU
		{0F56EDA9-CF7F-4C49-A67B-3FCD434D4902}.Debug|Any CPU.Build.0 = Debug|Any CPU
		{0F56EDA9-CF7F-4C49-A67B-3FCD434D4902}.Release|Any CPU.ActiveCfg = Release|Any CPU
		{0F56EDA9-CF7F-4C49-A67B-3FCD434D4902}.Release|Any CPU.Build.0 = Release|Any CPU
		{C134C495-6CF6-4543-8851-F3C304EA38C8}.Debug|Any CPU.ActiveCfg = Debug|Any CPU
		{C134C495-6CF6-4543-8851-F3C304EA38C8}.Debug|Any CPU.Build.0 = Debug|Any CPU
		{C134C495-6CF6-4543-8851-F3C304EA38C8}.Release|Any CPU.ActiveCfg = Release|Any CPU
		{C134C495-6CF6-4543-8851-F3C304EA38C8}.Release|Any CPU.Build.0 = Release|Any CPU
		{3B00D055-CFA9-4D12-8746-02477B65DA7D}.Debug|Any CPU.ActiveCfg = Debug|Any CPU
		{3B00D055-CFA9-4D12-8746-02477B65DA7D}.Debug|Any CPU.Build.0 = Debug|Any CPU
		{3B00D055-CFA9-4D12-8746-02477B65DA7D}.Release|Any CPU.ActiveCfg = Release|Any CPU
		{3B00D055-CFA9-4D12-8746-02477B65DA7D}.Release|Any CPU.Build.0 = Release|Any CPU
		{A4762EB8-289F-4E53-918D-4217FAB2B462}.Debug|Any CPU.ActiveCfg = Debug|Any CPU
		{A4762EB8-289F-4E53-918D-4217FAB2B462}.Debug|Any CPU.Build.0 = Debug|Any CPU
		{A4762EB8-289F-4E53-918D-4217FAB2B462}.Release|Any CPU.ActiveCfg = Release|Any CPU
		{A4762EB8-289F-4E53-918D-4217FAB2B462}.Release|Any CPU.Build.0 = Release|Any CPU
	EndGlobalSection
	GlobalSection(SolutionProperties) = preSolution
		HideSolutionNode = FALSE
	EndGlobalSection
	GlobalSection(ExtensibilityGlobals) = postSolution
		SolutionGuid = {30D086B5-5158-42D4-B7F4-ABF24C66731A}
	EndGlobalSection
EndGlobal
